
Microsoft Visual Studio Solution File, Format Version 12.00
# Visual Studio Version 16
VisualStudioVersion = 16.0.32413.511
MinimumVisualStudioVersion = 10.0.40219.1
Project("{FAE04EC0-301F-11D3-BF4B-00C04F79EFBC}") = "sha1", "sha1\sha1.csproj", "{29947A4C-ED6D-45E1-93B0-4315F5F8544B}"
EndProject
Global
	GlobalSection(SolutionConfigurationPlatforms) = preSolution
		Debug|Any CPU = Debug|Any CPU
		Release|Any CPU = Release|Any CPU
	EndGlobalSection
	GlobalSection(ProjectConfigurationPlatforms) = postSolution
		{29947A4C-ED6D-45E1-93B0-4315F5F8544B}.Debug|Any CPU.ActiveCfg = Debug|Any CPU
		{29947A4C-ED6D-45E1-93B0-4315F5F8544B}.Debug|Any CPU.Build.0 = Debug|Any CPU
		{29947A4C-ED6D-45E1-93B0-4315F5F8544B}.Release|Any CPU.ActiveCfg = Release|Any CPU
		{29947A4C-ED6D-45E1-93B0-4315F5F8544B}.Release|Any CPU.Build.0 = Release|Any CPU
	EndGlobalSection
	GlobalSection(SolutionProperties) = preSolution
		HideSolutionNode = FALSE
	EndGlobalSection
	GlobalSection(ExtensibilityGlobals) = postSolution
		SolutionGuid = {01E57944-DE0A-47A3-A3DA-B26B1DF1852C}
	EndGlobalSection
EndGlobal
